
Microsoft Visual Studio Solution File, Format Version 11.00
# Visual Studio 2010
Project("{FAE04EC0-301F-11D3-BF4B-00C04F79EFBC}") = "CenturyGame.MyRotate", "CenturyGame.MyRotate.csproj", "{E2391E28-F410-2C8E-85E3-0A40B1342C63}"
EndProject
Project("{FAE04EC0-301F-11D3-BF4B-00C04F79EFBC}") = "CenturyGame.MyRotate.Editor", "CenturyGame.MyRotate.Editor.csproj", "{52603853-3F41-9FDD-E0A1-C1D8B4F8CFB1}"
EndProject
Global
	GlobalSection(SolutionConfigurationPlatforms) = preSolution
		Debug|Any CPU = Debug|Any CPU
		Release|Any CPU = Release|Any CPU
	EndGlobalSection
	GlobalSection(ProjectConfigurationPlatforms) = postSolution
		{E2391E28-F410-2C8E-85E3-0A40B1342C63}.Debug|Any CPU.ActiveCfg = Debug|Any CPU
		{E2391E28-F410-2C8E-85E3-0A40B1342C63}.Debug|Any CPU.Build.0 = Debug|Any CPU
		{E2391E28-F410-2C8E-85E3-0A40B1342C63}.Release|Any CPU.ActiveCfg = Release|Any CPU
		{E2391E28-F410-2C8E-85E3-0A40B1342C63}.Release|Any CPU.Build.0 = Release|Any CPU
		{52603853-3F41-9FDD-E0A1-C1D8B4F8CFB1}.Debug|Any CPU.ActiveCfg = Debug|Any CPU
		{52603853-3F41-9FDD-E0A1-C1D8B4F8CFB1}.Debug|Any CPU.Build.0 = Debug|Any CPU
		{52603853-3F41-9FDD-E0A1-C1D8B4F8CFB1}.Release|Any CPU.ActiveCfg = Release|Any CPU
		{52603853-3F41-9FDD-E0A1-C1D8B4F8CFB1}.Release|Any CPU.Build.0 = Release|Any CPU
	EndGlobalSection
	GlobalSection(SolutionProperties) = preSolution
		HideSolutionNode = FALSE
	EndGlobalSection
	GlobalSection(MonoDevelopProperties) = preSolution
		StartupItem = Assembly-CSharp.csproj
	EndGlobalSection
EndGlobal
