
Microsoft Visual Studio Solution File, Format Version 11.00
# Visual Studio 2010
Project("{FAE04EC0-301F-11D3-BF4B-00C04F79EFBC}") = "CenturyGame.MyRotate", "CenturyGame.MyRotate.csproj", "{68FD68D7-8B7E-1AC9-A463-28D1B7656001}"
EndProject
Project("{FAE04EC0-301F-11D3-BF4B-00C04F79EFBC}") = "CenturyGame.MyRotate.Editor", "CenturyGame.MyRotate.Editor.csproj", "{5257A10C-9847-618D-CE45-D851DD0212CC}"
EndProject
Global
	GlobalSection(SolutionConfigurationPlatforms) = preSolution
		Debug|Any CPU = Debug|Any CPU
		Release|Any CPU = Release|Any CPU
	EndGlobalSection
	GlobalSection(ProjectConfigurationPlatforms) = postSolution
		{68FD68D7-8B7E-1AC9-A463-28D1B7656001}.Debug|Any CPU.ActiveCfg = Debug|Any CPU
		{68FD68D7-8B7E-1AC9-A463-28D1B7656001}.Debug|Any CPU.Build.0 = Debug|Any CPU
		{68FD68D7-8B7E-1AC9-A463-28D1B7656001}.Release|Any CPU.ActiveCfg = Release|Any CPU
		{68FD68D7-8B7E-1AC9-A463-28D1B7656001}.Release|Any CPU.Build.0 = Release|Any CPU
		{5257A10C-9847-618D-CE45-D851DD0212CC}.Debug|Any CPU.ActiveCfg = Debug|Any CPU
		{5257A10C-9847-618D-CE45-D851DD0212CC}.Debug|Any CPU.Build.0 = Debug|Any CPU
		{5257A10C-9847-618D-CE45-D851DD0212CC}.Release|Any CPU.ActiveCfg = Release|Any CPU
		{5257A10C-9847-618D-CE45-D851DD0212CC}.Release|Any CPU.Build.0 = Release|Any CPU
	EndGlobalSection
	GlobalSection(SolutionProperties) = preSolution
		HideSolutionNode = FALSE
	EndGlobalSection
	GlobalSection(MonoDevelopProperties) = preSolution
		StartupItem = Assembly-CSharp.csproj
	EndGlobalSection
EndGlobal
